
Microsoft Visual Studio Solution File, Format Version 12.00
# Visual Studio Version 17
VisualStudioVersion = 17.0.32014.148
MinimumVisualStudioVersion = 10.0.40219.1
Project("{FAE04EC0-301F-11D3-BF4B-00C04F79EFBC}") = "PriorityQueueWithLink list", "PriorityQueueWithLink list\PriorityQueueWithLink list.csproj", "{4208C967-2F27-42EE-A2DD-E95C62D01725}"
EndProject
Global
	GlobalSection(SolutionConfigurationPlatforms) = preSolution
		Debug|Any CPU = Debug|Any CPU
		Release|Any CPU = Release|Any CPU
	EndGlobalSection
	GlobalSection(ProjectConfigurationPlatforms) = postSolution
		{4208C967-2F27-42EE-A2DD-E95C62D01725}.Debug|Any CPU.ActiveCfg = Debug|Any CPU
		{4208C967-2F27-42EE-A2DD-E95C62D01725}.Debug|Any CPU.Build.0 = Debug|Any CPU
		{4208C967-2F27-42EE-A2DD-E95C62D01725}.Release|Any CPU.ActiveCfg = Release|Any CPU
		{4208C967-2F27-42EE-A2DD-E95C62D01725}.Release|Any CPU.Build.0 = Release|Any CPU
	EndGlobalSection
	GlobalSection(SolutionProperties) = preSolution
		HideSolutionNode = FALSE
	EndGlobalSection
	GlobalSection(ExtensibilityGlobals) = postSolution
		SolutionGuid = {7400A86C-C2E5-499C-A7D6-3BA94278991F}
	EndGlobalSection
EndGlobal
